
Microsoft Visual Studio Solution File, Format Version 12.00
# Visual Studio Version 17
VisualStudioVersion = 17.9.34607.119
MinimumVisualStudioVersion = 10.0.40219.1
Project("{FAE04EC0-301F-11D3-BF4B-00C04F79EFBC}") = "ShoesSystem", "ShoesSystem.csproj", "{93AA618D-9D8E-4B69-A728-79752AC48818}"
EndProject
Global
	GlobalSection(SolutionConfigurationPlatforms) = preSolution
		Debug|Any CPU = Debug|Any CPU
		Release|Any CPU = Release|Any CPU
	EndGlobalSection
	GlobalSection(ProjectConfigurationPlatforms) = postSolution
		{93AA618D-9D8E-4B69-A728-79752AC48818}.Debug|Any CPU.ActiveCfg = Debug|Any CPU
		{93AA618D-9D8E-4B69-A728-79752AC48818}.Debug|Any CPU.Build.0 = Debug|Any CPU
		{93AA618D-9D8E-4B69-A728-79752AC48818}.Release|Any CPU.ActiveCfg = Release|Any CPU
		{93AA618D-9D8E-4B69-A728-79752AC48818}.Release|Any CPU.Build.0 = Release|Any CPU
	EndGlobalSection
	GlobalSection(SolutionProperties) = preSolution
		HideSolutionNode = FALSE
	EndGlobalSection
	GlobalSection(ExtensibilityGlobals) = postSolution
		SolutionGuid = {15E56543-6CA3-4407-BE01-8B1C58051EB3}
	EndGlobalSection
EndGlobal
